
Microsoft Visual Studio Solution File, Format Version 12.00
# Visual Studio Version 17
VisualStudioVersion = 17.0.32112.339
MinimumVisualStudioVersion = 10.0.40219.1
Project("{FAE04EC0-301F-11D3-BF4B-00C04F79EFBC}") = "View", "View.csproj", "{093B05FA-DE94-4F52-8BB1-EA0D2C59E2FD}"
EndProject
Global
	GlobalSection(SolutionConfigurationPlatforms) = preSolution
		Debug|Any CPU = Debug|Any CPU
		Release|Any CPU = Release|Any CPU
	EndGlobalSection
	GlobalSection(ProjectConfigurationPlatforms) = postSolution
		{093B05FA-DE94-4F52-8BB1-EA0D2C59E2FD}.Debug|Any CPU.ActiveCfg = Debug|Any CPU
		{093B05FA-DE94-4F52-8BB1-EA0D2C59E2FD}.Debug|Any CPU.Build.0 = Debug|Any CPU
		{093B05FA-DE94-4F52-8BB1-EA0D2C59E2FD}.Release|Any CPU.ActiveCfg = Release|Any CPU
		{093B05FA-DE94-4F52-8BB1-EA0D2C59E2FD}.Release|Any CPU.Build.0 = Release|Any CPU
	EndGlobalSection
	GlobalSection(SolutionProperties) = preSolution
		HideSolutionNode = FALSE
	EndGlobalSection
	GlobalSection(ExtensibilityGlobals) = postSolution
		SolutionGuid = {FD1150C5-FECD-4CD2-887E-A5E726B11AEA}
	EndGlobalSection
EndGlobal
